
Microsoft Visual Studio Solution File, Format Version 12.00
# Visual Studio Version 16
VisualStudioVersion = 16.0.31313.79
MinimumVisualStudioVersion = 10.0.40219.1
Project("{FAE04EC0-301F-11D3-BF4B-00C04F79EFBC}") = "Demo.Server", "Demo\Server\Demo.Server.csproj", "{14B693B0-F64C-4B50-95D7-BCC34966C242}"
EndProject
Project("{FAE04EC0-301F-11D3-BF4B-00C04F79EFBC}") = "Demo.Client", "Demo\Client\Demo.Client.csproj", "{21E6B201-6BBC-48F7-8408-635517FED032}"
EndProject
Project("{FAE04EC0-301F-11D3-BF4B-00C04F79EFBC}") = "Demo.Shared", "Demo\Shared\Demo.Shared.csproj", "{15A7951A-C248-4D95-B4A0-7A3BA1263108}"
EndProject
Global
	GlobalSection(SolutionConfigurationPlatforms) = preSolution
		Debug|Any CPU = Debug|Any CPU
		Release|Any CPU = Release|Any CPU
	EndGlobalSection
	GlobalSection(ProjectConfigurationPlatforms) = postSolution
		{14B693B0-F64C-4B50-95D7-BCC34966C242}.Debug|Any CPU.ActiveCfg = Debug|Any CPU
		{14B693B0-F64C-4B50-95D7-BCC34966C242}.Debug|Any CPU.Build.0 = Debug|Any CPU
		{14B693B0-F64C-4B50-95D7-BCC34966C242}.Release|Any CPU.ActiveCfg = Release|Any CPU
		{14B693B0-F64C-4B50-95D7-BCC34966C242}.Release|Any CPU.Build.0 = Release|Any CPU
		{21E6B201-6BBC-48F7-8408-635517FED032}.Debug|Any CPU.ActiveCfg = Debug|Any CPU
		{21E6B201-6BBC-48F7-8408-635517FED032}.Debug|Any CPU.Build.0 = Debug|Any CPU
		{21E6B201-6BBC-48F7-8408-635517FED032}.Release|Any CPU.ActiveCfg = Release|Any CPU
		{21E6B201-6BBC-48F7-8408-635517FED032}.Release|Any CPU.Build.0 = Release|Any CPU
		{15A7951A-C248-4D95-B4A0-7A3BA1263108}.Debug|Any CPU.ActiveCfg = Debug|Any CPU
		{15A7951A-C248-4D95-B4A0-7A3BA1263108}.Debug|Any CPU.Build.0 = Debug|Any CPU
		{15A7951A-C248-4D95-B4A0-7A3BA1263108}.Release|Any CPU.ActiveCfg = Release|Any CPU
		{15A7951A-C248-4D95-B4A0-7A3BA1263108}.Release|Any CPU.Build.0 = Release|Any CPU
	EndGlobalSection
	GlobalSection(SolutionProperties) = preSolution
		HideSolutionNode = FALSE
	EndGlobalSection
	GlobalSection(ExtensibilityGlobals) = postSolution
		SolutionGuid = {24365CE1-91EE-4882-8D2B-F810D3747872}
	EndGlobalSection
EndGlobal
